
Microsoft Visual Studio Solution File, Format Version 12.00
# Visual Studio Version 16
VisualStudioVersion = 16.0.29519.181
MinimumVisualStudioVersion = 10.0.40219.1
Project("{9A19103F-16F7-4668-BE54-9A1E7A4F7556}") = "OrderApi", "OrderApi\OrderApi.csproj", "{7735746B-B655-4754-92FE-F6C700AC7093}"
EndProject
Project("{2150E333-8FDC-42A3-9474-1A3956D46DE8}") = "Solution Items", "Solution Items", "{70262CA4-56B3-4799-BB45-695ECAACB249}"
	ProjectSection(SolutionItems) = preProject
		orderapi.http = orderapi.http
	EndProjectSection
EndProject
Project("{9A19103F-16F7-4668-BE54-9A1E7A4F7556}") = "OrderGenerator", "OrderGenerator\OrderGenerator.csproj", "{41928C6E-DFF4-4953-82E4-B64335439E49}"
EndProject
Project("{9A19103F-16F7-4668-BE54-9A1E7A4F7556}") = "Order.Model", "Order.Model\Order.Model.csproj", "{E1AFA0E8-6B9B-4738-A9D4-2129AFA29152}"
EndProject
Project("{FAE04EC0-301F-11D3-BF4B-00C04F79EFBC}") = "LoyaltyService", "LoyaltyService\LoyaltyService.csproj", "{91D1067F-9B52-481D-9367-C40BF0DA2CE8}"
EndProject
Project("{FAE04EC0-301F-11D3-BF4B-00C04F79EFBC}") = "ShippingCostsService", "ShippingCostsService\ShippingCostsService.csproj", "{629593C9-9B33-4110-9580-92AE3C39DBDB}"
EndProject
Global
	GlobalSection(SolutionConfigurationPlatforms) = preSolution
		Debug|Any CPU = Debug|Any CPU
		Release|Any CPU = Release|Any CPU
	EndGlobalSection
	GlobalSection(ProjectConfigurationPlatforms) = postSolution
		{7735746B-B655-4754-92FE-F6C700AC7093}.Debug|Any CPU.ActiveCfg = Debug|Any CPU
		{7735746B-B655-4754-92FE-F6C700AC7093}.Debug|Any CPU.Build.0 = Debug|Any CPU
		{7735746B-B655-4754-92FE-F6C700AC7093}.Release|Any CPU.ActiveCfg = Release|Any CPU
		{7735746B-B655-4754-92FE-F6C700AC7093}.Release|Any CPU.Build.0 = Release|Any CPU
		{41928C6E-DFF4-4953-82E4-B64335439E49}.Debug|Any CPU.ActiveCfg = Debug|Any CPU
		{41928C6E-DFF4-4953-82E4-B64335439E49}.Debug|Any CPU.Build.0 = Debug|Any CPU
		{41928C6E-DFF4-4953-82E4-B64335439E49}.Release|Any CPU.ActiveCfg = Release|Any CPU
		{41928C6E-DFF4-4953-82E4-B64335439E49}.Release|Any CPU.Build.0 = Release|Any CPU
		{E1AFA0E8-6B9B-4738-A9D4-2129AFA29152}.Debug|Any CPU.ActiveCfg = Debug|Any CPU
		{E1AFA0E8-6B9B-4738-A9D4-2129AFA29152}.Debug|Any CPU.Build.0 = Debug|Any CPU
		{E1AFA0E8-6B9B-4738-A9D4-2129AFA29152}.Release|Any CPU.ActiveCfg = Release|Any CPU
		{E1AFA0E8-6B9B-4738-A9D4-2129AFA29152}.Release|Any CPU.Build.0 = Release|Any CPU
		{91D1067F-9B52-481D-9367-C40BF0DA2CE8}.Debug|Any CPU.ActiveCfg = Debug|Any CPU
		{91D1067F-9B52-481D-9367-C40BF0DA2CE8}.Debug|Any CPU.Build.0 = Debug|Any CPU
		{91D1067F-9B52-481D-9367-C40BF0DA2CE8}.Release|Any CPU.ActiveCfg = Release|Any CPU
		{91D1067F-9B52-481D-9367-C40BF0DA2CE8}.Release|Any CPU.Build.0 = Release|Any CPU
		{629593C9-9B33-4110-9580-92AE3C39DBDB}.Debug|Any CPU.ActiveCfg = Debug|Any CPU
		{629593C9-9B33-4110-9580-92AE3C39DBDB}.Debug|Any CPU.Build.0 = Debug|Any CPU
		{629593C9-9B33-4110-9580-92AE3C39DBDB}.Release|Any CPU.ActiveCfg = Release|Any CPU
		{629593C9-9B33-4110-9580-92AE3C39DBDB}.Release|Any CPU.Build.0 = Release|Any CPU
	EndGlobalSection
	GlobalSection(SolutionProperties) = preSolution
		HideSolutionNode = FALSE
	EndGlobalSection
	GlobalSection(ExtensibilityGlobals) = postSolution
		SolutionGuid = {32A32238-FA3F-4E20-B6D2-E31DE369E1B6}
	EndGlobalSection
EndGlobal
